PODS:
  - Alamofire (4.9.1)
  - FaveButton (3.2.1)
  - Kingfisher (4.10.1)
  - ReachabilitySwift (5.0.0)
  - SwiftyGif (5.4.4)

DEPENDENCIES:
  - Alamofire
  - FaveButton
  - Kingfisher
  - ReachabilitySwift
  - SwiftyGif

SPEC REPOS:
  trunk:
    - Alamofire
    - FaveButton
    - Kingfisher
    - ReachabilitySwift
    - SwiftyGif

SPEC CHECKSUMS:
  Alamofire: 85e8a02c69d6020a0d734f6054870d7ecb75cf18
  FaveButton: 93cfebf6030336fa7653fad2068c3152ed668b39
  Kingfisher: c148cd7b47ebde9989f6bc7c27dcaa79d81279a0
  ReachabilitySwift: 985039c6f7b23a1da463388634119492ff86c825
  SwiftyGif: 93a1cc87bf3a51916001cf8f3d63835fb64c819f

PODFILE CHECKSUM: 822901ce30945b2af8bf3d2858a1fecc690eb548

COCOAPODS: 1.11.3
