// !$*UTF8*$!
{
	archiveVersion = 1;
	classes = {
	};
	objectVersion = 56;
	objects = {

/* Begin PBXBuildFile section */
		18943FC129A010A000A738E1 /* upComingCollectionViewCell.swift in Sources */ = {isa = PBXBuildFile; fileRef = 18943FC029A010A000A738E1 /* upComingCollectionViewCell.swift */; };
		18943FC329A010D700A738E1 /* latestResCollectionViewCell.swift in Sources */ = {isa = PBXBuildFile; fileRef = 18943FC229A010D700A738E1 /* latestResCollectionViewCell.swift */; };
		18943FC529A010F600A738E1 /* teamsCollectionViewCell.swift in Sources */ = {isa = PBXBuildFile; fileRef = 18943FC429A010F600A738E1 /* teamsCollectionViewCell.swift */; };
		18A0A347299EF4B10053BEEC /* EventsViewController.swift in Sources */ = {isa = PBXBuildFile; fileRef = 18A0A346299EF4B00053BEEC /* EventsViewController.swift */; };
		243E43DD6634134326382ADB /* Pods_Sports.framework in Frameworks */ = {isa = PBXBuildFile; fileRef = 3E3F15C955DBDDDE48B5EBA1 /* Pods_Sports.framework */; };
		4427DF47299EA74E00014C04 /* NetworkManager.swift in Sources */ = {isa = PBXBuildFile; fileRef = 4427DF46299EA74E00014C04 /* NetworkManager.swift */; };
		4427DF49299EA81B00014C04 /* DataModel.swift in Sources */ = {isa = PBXBuildFile; fileRef = 4427DF48299EA81B00014C04 /* DataModel.swift */; };
		44F850F329A2797000F858F5 /* LunchScreenViewController.swift in Sources */ = {isa = PBXBuildFile; fileRef = 44F850F229A2797000F858F5 /* LunchScreenViewController.swift */; };
		44F850F529A2797F00F858F5 /* Helper.swift in Sources */ = {isa = PBXBuildFile; fileRef = 44F850F429A2797F00F858F5 /* Helper.swift */; };
		44F850F729A279AD00F858F5 /* LogoAnimationView.swift in Sources */ = {isa = PBXBuildFile; fileRef = 44F850F629A279AD00F858F5 /* LogoAnimationView.swift */; };
		44F850F929A279B500F858F5 /* UIView+Constraints.swift in Sources */ = {isa = PBXBuildFile; fileRef = 44F850F829A279B500F858F5 /* UIView+Constraints.swift */; };
		44F850FB29A279D500F858F5 /* LeagueTableViewCell.swift in Sources */ = {isa = PBXBuildFile; fileRef = 44F850FA29A279D500F858F5 /* LeagueTableViewCell.swift */; };
		44F850FD29A279F500F858F5 /* CoreDataOperations.swift in Sources */ = {isa = PBXBuildFile; fileRef = 44F850FC29A279F500F858F5 /* CoreDataOperations.swift */; };
		44F8510029A27AD000F858F5 /* FavouriteTableViewCell.swift in Sources */ = {isa = PBXBuildFile; fileRef = 44F850FF29A27AD000F858F5 /* FavouriteTableViewCell.swift */; };
		44F8510229A27B0400F858F5 /* FavouriteTableViewController.swift in Sources */ = {isa = PBXBuildFile; fileRef = 44F8510129A27B0400F858F5 /* FavouriteTableViewController.swift */; };
		44F8510429A27F1600F858F5 /* gif.gif in Resources */ = {isa = PBXBuildFile; fileRef = 44F8510329A27F1600F858F5 /* gif.gif */; };
		44F8510729A27FF800F858F5 /* DetailsViewController.swift in Sources */ = {isa = PBXBuildFile; fileRef = 44F8510629A27FF800F858F5 /* DetailsViewController.swift */; };
		AF1ABCCE299C14F60023172C /* AppDelegate.swift in Sources */ = {isa = PBXBuildFile; fileRef = AF1ABCCD299C14F60023172C /* AppDelegate.swift */; };
		AF1ABCD0299C14F60023172C /* SceneDelegate.swift in Sources */ = {isa = PBXBuildFile; fileRef = AF1ABCCF299C14F60023172C /* SceneDelegate.swift */; };
		AF1ABCD2299C14F60023172C /* HomeViewController.swift in Sources */ = {isa = PBXBuildFile; fileRef = AF1ABCD1299C14F60023172C /* HomeViewController.swift */; };
		AF1ABCD5299C14F60023172C /* Main.storyboard in Resources */ = {isa = PBXBuildFile; fileRef = AF1ABCD3299C14F60023172C /* Main.storyboard */; };
		AF1ABCD8299C14F60023172C /* Sports.xcdatamodeld in Sources */ = {isa = PBXBuildFile; fileRef = AF1ABCD6299C14F60023172C /* Sports.xcdatamodeld */; };
		AF1ABCDA299C14F90023172C /* Assets.xcassets in Resources */ = {isa = PBXBuildFile; fileRef = AF1ABCD9299C14F90023172C /* Assets.xcassets */; };
		AF1ABCDD299C14F90023172C /* LaunchScreen.storyboard in Resources */ = {isa = PBXBuildFile; fileRef = AF1ABCDB299C14F90023172C /* LaunchScreen.storyboard */; };
		AF7449AA299CC1300054CBC7 /* SportsCollectionViewCell.swift in Sources */ = {isa = PBXBuildFile; fileRef = AF7449A9299CC1300054CBC7 /* SportsCollectionViewCell.swift */; };
		AFFB52D9299D9BC100D02ED1 /* LeaguesTableViewController.swift in Sources */ = {isa = PBXBuildFile; fileRef = AFFB52D8299D9BC100D02ED1 /* LeaguesTableViewController.swift */; };
/* End PBXBuildFile section */

/* Begin PBXFileReference section */
		18943FC029A010A000A738E1 /* upComingCollectionViewCell.swift */ = {isa = PBXFileReference; lastKnownFileType = sourcecode.swift; path = upComingCollectionViewCell.swift; sourceTree = "<group>"; };
		18943FC229A010D700A738E1 /* latestResCollectionViewCell.swift */ = {isa = PBXFileReference; lastKnownFileType = sourcecode.swift; path = latestResCollectionViewCell.swift; sourceTree = "<group>"; };
		18943FC429A010F600A738E1 /* teamsCollectionViewCell.swift */ = {isa = PBXFileReference; lastKnownFileType = sourcecode.swift; path = teamsCollectionViewCell.swift; sourceTree = "<group>"; };
		18A0A346299EF4B00053BEEC /* EventsViewController.swift */ = {isa = PBXFileReference; lastKnownFileType = sourcecode.swift; path = EventsViewController.swift; sourceTree = "<group>"; };
		3E3F15C955DBDDDE48B5EBA1 /* Pods_Sports.framework */ = {isa = PBXFileReference; explicitFileType = wrapper.framework; includeInIndex = 0; path = Pods_Sports.framework; sourceTree = BUILT_PRODUCTS_DIR; };
		4427DF46299EA74E00014C04 /* NetworkManager.swift */ = {isa = PBXFileReference; fileEncoding = 4; lastKnownFileType = sourcecode.swift; path = NetworkManager.swift; sourceTree = "<group>"; };
		4427DF48299EA81B00014C04 /* DataModel.swift */ = {isa = PBXFileReference; fileEncoding = 4; lastKnownFileType = sourcecode.swift; path = DataModel.swift; sourceTree = "<group>"; };
		44F850F229A2797000F858F5 /* LunchScreenViewController.swift */ = {isa = PBXFileReference; fileEncoding = 4; lastKnownFileType = sourcecode.swift; path = LunchScreenViewController.swift; sourceTree = "<group>"; };
		44F850F429A2797F00F858F5 /* Helper.swift */ = {isa = PBXFileReference; fileEncoding = 4; lastKnownFileType = sourcecode.swift; path = Helper.swift; sourceTree = "<group>"; };
		44F850F629A279AD00F858F5 /* LogoAnimationView.swift */ = {isa = PBXFileReference; fileEncoding = 4; lastKnownFileType = sourcecode.swift; path = LogoAnimationView.swift; sourceTree = "<group>"; };
		44F850F829A279B500F858F5 /* UIView+Constraints.swift */ = {isa = PBXFileReference; fileEncoding = 4; lastKnownFileType = sourcecode.swift; path = "UIView+Constraints.swift"; sourceTree = "<group>"; };
		44F850FA29A279D500F858F5 /* LeagueTableViewCell.swift */ = {isa = PBXFileReference; fileEncoding = 4; lastKnownFileType = sourcecode.swift; path = LeagueTableViewCell.swift; sourceTree = "<group>"; };
		44F850FC29A279F500F858F5 /* CoreDataOperations.swift */ = {isa = PBXFileReference; lastKnownFileType = sourcecode.swift; path = CoreDataOperations.swift; sourceTree = "<group>"; };
		44F850FF29A27AD000F858F5 /* FavouriteTableViewCell.swift */ = {isa = PBXFileReference; lastKnownFileType = sourcecode.swift; path = FavouriteTableViewCell.swift; sourceTree = "<group>"; };
		44F8510129A27B0400F858F5 /* FavouriteTableViewController.swift */ = {isa = PBXFileReference; lastKnownFileType = sourcecode.swift; path = FavouriteTableViewController.swift; sourceTree = "<group>"; };
		44F8510329A27F1600F858F5 /* gif.gif */ = {isa = PBXFileReference; lastKnownFileType = image.gif; path = gif.gif; sourceTree = "<group>"; };
		44F8510629A27FF800F858F5 /* DetailsViewController.swift */ = {isa = PBXFileReference; lastKnownFileType = sourcecode.swift; path = DetailsViewController.swift; sourceTree = "<group>"; };
		AF1ABCCA299C14F60023172C /* Sports.app */ = {isa = PBXFileReference; explicitFileType = wrapper.application; includeInIndex = 0; path = Sports.app; sourceTree = BUILT_PRODUCTS_DIR; };
		AF1ABCCD299C14F60023172C /* AppDelegate.swift */ = {isa = PBXFileReference; lastKnownFileType = sourcecode.swift; path = AppDelegate.swift; sourceTree = "<group>"; };
		AF1ABCCF299C14F60023172C /* SceneDelegate.swift */ = {isa = PBXFileReference; lastKnownFileType = sourcecode.swift; path = SceneDelegate.swift; sourceTree = "<group>"; };
		AF1ABCD1299C14F60023172C /* HomeViewController.swift */ = {isa = PBXFileReference; lastKnownFileType = sourcecode.swift; path = HomeViewController.swift; sourceTree = "<group>"; };
		AF1ABCD4299C14F60023172C /* Base */ = {isa = PBXFileReference; lastKnownFileType = file.storyboard; name = Base; path = Base.lproj/Main.storyboard; sourceTree = "<group>"; };
		AF1ABCD7299C14F60023172C /* Sports.xcdatamodel */ = {isa = PBXFileReference; lastKnownFileType = wrapper.xcdatamodel; path = Sports.xcdatamodel; sourceTree = "<group>"; };
		AF1ABCD9299C14F90023172C /* Assets.xcassets */ = {isa = PBXFileReference; lastKnownFileType = folder.assetcatalog; path = Assets.xcassets; sourceTree = "<group>"; };
		AF1ABCDC299C14F90023172C /* Base */ = {isa = PBXFileReference; lastKnownFileType = file.storyboard; name = Base; path = Base.lproj/LaunchScreen.storyboard; sourceTree = "<group>"; };
		AF1ABCDE299C14F90023172C /* Info.plist */ = {isa = PBXFileReference; lastKnownFileType = text.plist.xml; path = Info.plist; sourceTree = "<group>"; };
		AF7449A9299CC1300054CBC7 /* SportsCollectionViewCell.swift */ = {isa = PBXFileReference; lastKnownFileType = sourcecode.swift; path = SportsCollectionViewCell.swift; sourceTree = "<group>"; };
		AFFB52D8299D9BC100D02ED1 /* LeaguesTableViewController.swift */ = {isa = PBXFileReference; lastKnownFileType = sourcecode.swift; path = LeaguesTableViewController.swift; sourceTree = "<group>"; };
		C3013598C84A66A306D907E1 /* Pods-Sports.release.xcconfig */ = {isa = PBXFileReference; includeInIndex = 1; lastKnownFileType = text.xcconfig; name = "Pods-Sports.release.xcconfig"; path = "Target Support Files/Pods-Sports/Pods-Sports.release.xcconfig"; sourceTree = "<group>"; };
		C47509EC5F92E00F541C9020 /* Pods-Sports.debug.xcconfig */ = {isa = PBXFileReference; includeInIndex = 1; lastKnownFileType = text.xcconfig; name = "Pods-Sports.debug.xcconfig"; path = "Target Support Files/Pods-Sports/Pods-Sports.debug.xcconfig"; sourceTree = "<group>"; };
/* End PBXFileReference section */

/* Begin PBXFrameworksBuildPhase section */
		AF1ABCC7299C14F60023172C /* Frameworks */ = {
			isa = PBXFrameworksBuildPhase;
			buildActionMask = 2147483647;
			files = (
				243E43DD6634134326382ADB /* Pods_Sports.framework in Frameworks */,
			);
			runOnlyForDeploymentPostprocessing = 0;
		};
/* End PBXFrameworksBuildPhase section */

/* Begin PBXGroup section */
		18943FBF29A0100300A738E1 /* Cells */ = {
			isa = PBXGroup;
			children = (
				18943FC029A010A000A738E1 /* upComingCollectionViewCell.swift */,
				18943FC229A010D700A738E1 /* latestResCollectionViewCell.swift */,
				18943FC429A010F600A738E1 /* teamsCollectionViewCell.swift */,
			);
			path = Cells;
			sourceTree = "<group>";
		};
		44F850EB29A2780300F858F5 /* Api */ = {
			isa = PBXGroup;
			children = (
				4427DF48299EA81B00014C04 /* DataModel.swift */,
				4427DF46299EA74E00014C04 /* NetworkManager.swift */,
			);
			path = Api;
			sourceTree = "<group>";
		};
		44F850EC29A2781C00F858F5 /* Core Data */ = {
			isa = PBXGroup;
			children = (
				44F850FC29A279F500F858F5 /* CoreDataOperations.swift */,
			);
			path = "Core Data";
			sourceTree = "<group>";
		};
		44F850ED29A2782800F858F5 /* Home */ = {
			isa = PBXGroup;
			children = (
				AF7449A9299CC1300054CBC7 /* SportsCollectionViewCell.swift */,
				AF1ABCD1299C14F60023172C /* HomeViewController.swift */,
			);
			path = Home;
			sourceTree = "<group>";
		};
		44F850EE29A2783B00F858F5 /* EventsCollectionView */ = {
			isa = PBXGroup;
			children = (
				18A0A346299EF4B00053BEEC /* EventsViewController.swift */,
				18943FBF29A0100300A738E1 /* Cells */,
			);
			path = EventsCollectionView;
			sourceTree = "<group>";
		};
		44F850EF29A2784D00F858F5 /* Launch */ = {
			isa = PBXGroup;
			children = (
				44F8510329A27F1600F858F5 /* gif.gif */,
				44F850F629A279AD00F858F5 /* LogoAnimationView.swift */,
				44F850F229A2797000F858F5 /* LunchScreenViewController.swift */,
			);
			path = Launch;
			sourceTree = "<group>";
		};
		44F850F029A2787700F858F5 /* Leagues */ = {
			isa = PBXGroup;
			children = (
				44F850FA29A279D500F858F5 /* LeagueTableViewCell.swift */,
				AFFB52D8299D9BC100D02ED1 /* LeaguesTableViewController.swift */,
			);
			path = Leagues;
			sourceTree = "<group>";
		};
		44F850F129A2793600F858F5 /* Helper */ = {
			isa = PBXGroup;
			children = (
				44F850F829A279B500F858F5 /* UIView+Constraints.swift */,
				44F850F429A2797F00F858F5 /* Helper.swift */,
			);
			path = Helper;
			sourceTree = "<group>";
		};
		44F850FE29A27A9600F858F5 /* Favourite */ = {
			isa = PBXGroup;
			children = (
				44F850FF29A27AD000F858F5 /* FavouriteTableViewCell.swift */,
				44F8510129A27B0400F858F5 /* FavouriteTableViewController.swift */,
			);
			path = Favourite;
			sourceTree = "<group>";
		};
		44F8510529A27FAB00F858F5 /* Details */ = {
			isa = PBXGroup;
			children = (
				44F8510629A27FF800F858F5 /* DetailsViewController.swift */,
			);
			path = Details;
			sourceTree = "<group>";
		};
		507A093EC5B58533BF2DDD33 /* Pods */ = {
			isa = PBXGroup;
			children = (
				C47509EC5F92E00F541C9020 /* Pods-Sports.debug.xcconfig */,
				C3013598C84A66A306D907E1 /* Pods-Sports.release.xcconfig */,
			);
			path = Pods;
			sourceTree = "<group>";
		};
		AF1ABCC1299C14F60023172C = {
			isa = PBXGroup;
			children = (
				AF1ABCCC299C14F60023172C /* Sports */,
				AF1ABCCB299C14F60023172C /* Products */,
				507A093EC5B58533BF2DDD33 /* Pods */,
				E89620215BC2D9F35C03BA6A /* Frameworks */,
			);
			sourceTree = "<group>";
		};
		AF1ABCCB299C14F60023172C /* Products */ = {
			isa = PBXGroup;
			children = (
				AF1ABCCA299C14F60023172C /* Sports.app */,
			);
			name = Products;
			sourceTree = "<group>";
		};
		AF1ABCCC299C14F60023172C /* Sports */ = {
			isa = PBXGroup;
			children = (
				AF1ABCCD299C14F60023172C /* AppDelegate.swift */,
				AF1ABCCF299C14F60023172C /* SceneDelegate.swift */,
				44F850EC29A2781C00F858F5 /* Core Data */,
				44F850EB29A2780300F858F5 /* Api */,
				44F850F129A2793600F858F5 /* Helper */,
				44F850EF29A2784D00F858F5 /* Launch */,
				44F850ED29A2782800F858F5 /* Home */,
				44F850F029A2787700F858F5 /* Leagues */,
				44F850FE29A27A9600F858F5 /* Favourite */,
				44F850EE29A2783B00F858F5 /* EventsCollectionView */,
				44F8510529A27FAB00F858F5 /* Details */,
				AF1ABCD9299C14F90023172C /* Assets.xcassets */,
				AF1ABCD3299C14F60023172C /* Main.storyboard */,
				AF1ABCDB299C14F90023172C /* LaunchScreen.storyboard */,
				AF1ABCDE299C14F90023172C /* Info.plist */,
				AF1ABCD6299C14F60023172C /* Sports.xcdatamodeld */,
			);
			path = Sports;
			sourceTree = "<group>";
		};
		E89620215BC2D9F35C03BA6A /* Frameworks */ = {
			isa = PBXGroup;
			children = (
				3E3F15C955DBDDDE48B5EBA1 /* Pods_Sports.framework */,
			);
			name = Frameworks;
			sourceTree = "<group>";
		};
/* End PBXGroup section */

/* Begin PBXNativeTarget section */
		AF1ABCC9299C14F60023172C /* Sports */ = {
			isa = PBXNativeTarget;
			buildConfigurationList = AF1ABCE1299C14F90023172C /* Build configuration list for PBXNativeTarget "Sports" */;
			buildPhases = (
				8F5896756EB72D6175B265FF /* [CP] Check Pods Manifest.lock */,
				AF1ABCC6299C14F60023172C /* Sources */,
				AF1ABCC7299C14F60023172C /* Frameworks */,
				AF1ABCC8299C14F60023172C /* Resources */,
				A4B9D42461ED42648F104C67 /* [CP] Embed Pods Frameworks */,
			);
			buildRules = (
			);
			dependencies = (
			);
			name = Sports;
			productName = Sports;
			productReference = AF1ABCCA299C14F60023172C /* Sports.app */;
			productType = "com.apple.product-type.application";
		};
/* End PBXNativeTarget section */

/* Begin PBXProject section */
		AF1ABCC2299C14F60023172C /* Project object */ = {
			isa = PBXProject;
			attributes = {
				BuildIndependentTargetsInParallel = 1;
				LastSwiftUpdateCheck = 1420;
				LastUpgradeCheck = 1420;
				TargetAttributes = {
					AF1ABCC9299C14F60023172C = {
						CreatedOnToolsVersion = 14.2;
					};
				};
			};
			buildConfigurationList = AF1ABCC5299C14F60023172C /* Build configuration list for PBXProject "Sports" */;
			compatibilityVersion = "Xcode 14.0";
			developmentRegion = en;
			hasScannedForEncodings = 0;
			knownRegions = (
				en,
				Base,
			);
			mainGroup = AF1ABCC1299C14F60023172C;
			productRefGroup = AF1ABCCB299C14F60023172C /* Products */;
			projectDirPath = "";
			projectRoot = "";
			targets = (
				AF1ABCC9299C14F60023172C /* Sports */,
			);
		};
/* End PBXProject section */

/* Begin PBXResourcesBuildPhase section */
		AF1ABCC8299C14F60023172C /* Resources */ = {
			isa = PBXResourcesBuildPhase;
			buildActionMask = 2147483647;
			files = (
				AF1ABCDD299C14F90023172C /* LaunchScreen.storyboard in Resources */,
				44F8510429A27F1600F858F5 /* gif.gif in Resources */,
				AF1ABCDA299C14F90023172C /* Assets.xcassets in Resources */,
				AF1ABCD5299C14F60023172C /* Main.storyboard in Resources */,
			);
			runOnlyForDeploymentPostprocessing = 0;
		};
/* End PBXResourcesBuildPhase section */

/* Begin PBXShellScriptBuildPhase section */
		8F5896756EB72D6175B265FF /* [CP] Check Pods Manifest.lock */ = {
			isa = PBXShellScriptBuildPhase;
			buildActionMask = 2147483647;
			files = (
			);
			inputFileListPaths = (
			);
			inputPaths = (
				"${PODS_PODFILE_DIR_PATH}/Podfile.lock",
				"${PODS_ROOT}/Manifest.lock",
			);
			name = "[CP] Check Pods Manifest.lock";
			outputFileListPaths = (
			);
			outputPaths = (
				"$(DERIVED_FILE_DIR)/Pods-Sports-checkManifestLockResult.txt",
			);
			runOnlyForDeploymentPostprocessing = 0;
			shellPath = /bin/sh;
			shellScript = "diff \"${PODS_PODFILE_DIR_PATH}/Podfile.lock\" \"${PODS_ROOT}/Manifest.lock\" > /dev/null\nif [ $? != 0 ] ; then\n    # print error to STDERR\n    echo \"error: The sandbox is not in sync with the Podfile.lock. Run 'pod install' or update your CocoaPods installation.\" >&2\n    exit 1\nfi\n# This output is used by Xcode 'outputs' to avoid re-running this script phase.\necho \"SUCCESS\" > \"${SCRIPT_OUTPUT_FILE_0}\"\n";
			showEnvVarsInLog = 0;
		};
		A4B9D42461ED42648F104C67 /* [CP] Embed Pods Frameworks */ = {
			isa = PBXShellScriptBuildPhase;
			buildActionMask = 2147483647;
			files = (
			);
			inputFileListPaths = (
				"${PODS_ROOT}/Target Support Files/Pods-Sports/Pods-Sports-frameworks-${CONFIGURATION}-input-files.xcfilelist",
			);
			name = "[CP] Embed Pods Frameworks";
			outputFileListPaths = (
				"${PODS_ROOT}/Target Support Files/Pods-Sports/Pods-Sports-frameworks-${CONFIGURATION}-output-files.xcfilelist",
			);
			runOnlyForDeploymentPostprocessing = 0;
			shellPath = /bin/sh;
			shellScript = "\"${PODS_ROOT}/Target Support Files/Pods-Sports/Pods-Sports-frameworks.sh\"\n";
			showEnvVarsInLog = 0;
		};
/* End PBXShellScriptBuildPhase section */

/* Begin PBXSourcesBuildPhase section */
		AF1ABCC6299C14F60023172C /* Sources */ = {
			isa = PBXSourcesBuildPhase;
			buildActionMask = 2147483647;
			files = (
				44F850FB29A279D500F858F5 /* LeagueTableViewCell.swift in Sources */,
				AF7449AA299CC1300054CBC7 /* SportsCollectionViewCell.swift in Sources */,
				44F850F529A2797F00F858F5 /* Helper.swift in Sources */,
				44F8510029A27AD000F858F5 /* FavouriteTableViewCell.swift in Sources */,
				44F850F729A279AD00F858F5 /* LogoAnimationView.swift in Sources */,
				44F850FD29A279F500F858F5 /* CoreDataOperations.swift in Sources */,
				AF1ABCD2299C14F60023172C /* HomeViewController.swift in Sources */,
				18943FC129A010A000A738E1 /* upComingCollectionViewCell.swift in Sources */,
				AF1ABCCE299C14F60023172C /* AppDelegate.swift in Sources */,
				44F8510229A27B0400F858F5 /* FavouriteTableViewController.swift in Sources */,
				4427DF47299EA74E00014C04 /* NetworkManager.swift in Sources */,
				44F8510729A27FF800F858F5 /* DetailsViewController.swift in Sources */,
				18943FC529A010F600A738E1 /* teamsCollectionViewCell.swift in Sources */,
				18A0A347299EF4B10053BEEC /* EventsViewController.swift in Sources */,
				4427DF49299EA81B00014C04 /* DataModel.swift in Sources */,
				AF1ABCD8299C14F60023172C /* Sports.xcdatamodeld in Sources */,
				AFFB52D9299D9BC100D02ED1 /* LeaguesTableViewController.swift in Sources */,
				AF1ABCD0299C14F60023172C /* SceneDelegate.swift in Sources */,
				18943FC329A010D700A738E1 /* latestResCollectionViewCell.swift in Sources */,
				44F850F329A2797000F858F5 /* LunchScreenViewController.swift in Sources */,
				44F850F929A279B500F858F5 /* UIView+Constraints.swift in Sources */,
			);
			runOnlyForDeploymentPostprocessing = 0;
		};
/* End PBXSourcesBuildPhase section */

/* Begin PBXVariantGroup section */
		AF1ABCD3299C14F60023172C /* Main.storyboard */ = {
			isa = PBXVariantGroup;
			children = (
				AF1ABCD4299C14F60023172C /* Base */,
			);
			name = Main.storyboard;
			sourceTree = "<group>";
		};
		AF1ABCDB299C14F90023172C /* LaunchScreen.storyboard */ = {
			isa = PBXVariantGroup;
			children = (
				AF1ABCDC299C14F90023172C /* Base */,
			);
			name = LaunchScreen.storyboard;
			sourceTree = "<group>";
		};
/* End PBXVariantGroup section */

/* Begin XCBuildConfiguration section */
		AF1ABCDF299C14F90023172C /* Debug */ = {
			isa = XCBuildConfiguration;
			buildSettings = {
				ALWAYS_SEARCH_USER_PATHS = NO;
				CLANG_ANALYZER_NONNULL = YES;
				CLANG_ANALYZER_NUMBER_OBJECT_CONVERSION = YES_AGGRESSIVE;
				CLANG_CXX_LANGUAGE_STANDARD = "gnu++20";
				CLANG_ENABLE_MODULES = YES;
				CLANG_ENABLE_OBJC_ARC = YES;
				CLANG_ENABLE_OBJC_WEAK = YES;
				CLANG_WARN_BLOCK_CAPTURE_AUTORELEASING = YES;
				CLANG_WARN_BOOL_CONVERSION = YES;
				CLANG_WARN_COMMA = YES;
				CLANG_WARN_CONSTANT_CONVERSION = YES;
				CLANG_WARN_DEPRECATED_OBJC_IMPLEMENTATIONS = YES;
				CLANG_WARN_DIRECT_OBJC_ISA_USAGE = YES_ERROR;
				CLANG_WARN_DOCUMENTATION_COMMENTS = YES;
				CLANG_WARN_EMPTY_BODY = YES;
				CLANG_WARN_ENUM_CONVERSION = YES;
				CLANG_WARN_INFINITE_RECURSION = YES;
				CLANG_WARN_INT_CONVERSION = YES;
				CLANG_WARN_NON_LITERAL_NULL_CONVERSION = YES;
				CLANG_WARN_OBJC_IMPLICIT_RETAIN_SELF = YES;
				CLANG_WARN_OBJC_LITERAL_CONVERSION = YES;
				CLANG_WARN_OBJC_ROOT_CLASS = YES_ERROR;
				CLANG_WARN_QUOTED_INCLUDE_IN_FRAMEWORK_HEADER = YES;
				CLANG_WARN_RANGE_LOOP_ANALYSIS = YES;
				CLANG_WARN_STRICT_PROTOTYPES = YES;
				CLANG_WARN_SUSPICIOUS_MOVE = YES;
				CLANG_WARN_UNGUARDED_AVAILABILITY = YES_AGGRESSIVE;
				CLANG_WARN_UNREACHABLE_CODE = YES;
				CLANG_WARN__DUPLICATE_METHOD_MATCH = YES;
				COPY_PHASE_STRIP = NO;
				DEBUG_INFORMATION_FORMAT = dwarf;
				ENABLE_STRICT_OBJC_MSGSEND = YES;
				ENABLE_TESTABILITY = YES;
				GCC_C_LANGUAGE_STANDARD = gnu11;
				GCC_DYNAMIC_NO_PIC = NO;
				GCC_NO_COMMON_BLOCKS = YES;
				GCC_OPTIMIZATION_LEVEL = 0;
				GCC_PREPROCESSOR_DEFINITIONS = (
					"DEBUG=1",
					"$(inherited)",
				);
				GCC_WARN_64_TO_32_BIT_CONVERSION = YES;
				GCC_WARN_ABOUT_RETURN_TYPE = YES_ERROR;
				GCC_WARN_UNDECLARED_SELECTOR = YES;
				GCC_WARN_UNINITIALIZED_AUTOS = YES_AGGRESSIVE;
				GCC_WARN_UNUSED_FUNCTION = YES;
				GCC_WARN_UNUSED_VARIABLE = YES;
				IPHONEOS_DEPLOYMENT_TARGET = 16.2;
				MTL_ENABLE_DEBUG_INFO = INCLUDE_SOURCE;
				MTL_FAST_MATH = YES;
				ONLY_ACTIVE_ARCH = YES;
				SDKROOT = iphoneos;
				SWIFT_ACTIVE_COMPILATION_CONDITIONS = DEBUG;
				SWIFT_OPTIMIZATION_LEVEL = "-Onone";
			};
			name = Debug;
		};
		AF1ABCE0299C14F90023172C /* Release */ = {
			isa = XCBuildConfiguration;
			buildSettings = {
				ALWAYS_SEARCH_USER_PATHS = NO;
				CLANG_ANALYZER_NONNULL = YES;
				CLANG_ANALYZER_NUMBER_OBJECT_CONVERSION = YES_AGGRESSIVE;
				CLANG_CXX_LANGUAGE_STANDARD = "gnu++20";
				CLANG_ENABLE_MODULES = YES;
				CLANG_ENABLE_OBJC_ARC = YES;
				CLANG_ENABLE_OBJC_WEAK = YES;
				CLANG_WARN_BLOCK_CAPTURE_AUTORELEASING = YES;
				CLANG_WARN_BOOL_CONVERSION = YES;
				CLANG_WARN_COMMA = YES;
				CLANG_WARN_CONSTANT_CONVERSION = YES;
				CLANG_WARN_DEPRECATED_OBJC_IMPLEMENTATIONS = YES;
				CLANG_WARN_DIRECT_OBJC_ISA_USAGE = YES_ERROR;
				CLANG_WARN_DOCUMENTATION_COMMENTS = YES;
				CLANG_WARN_EMPTY_BODY = YES;
				CLANG_WARN_ENUM_CONVERSION = YES;
				CLANG_WARN_INFINITE_RECURSION = YES;
				CLANG_WARN_INT_CONVERSION = YES;
				CLANG_WARN_NON_LITERAL_NULL_CONVERSION = YES;
				CLANG_WARN_OBJC_IMPLICIT_RETAIN_SELF = YES;
				CLANG_WARN_OBJC_LITERAL_CONVERSION = YES;
				CLANG_WARN_OBJC_ROOT_CLASS = YES_ERROR;
				CLANG_WARN_QUOTED_INCLUDE_IN_FRAMEWORK_HEADER = YES;
				CLANG_WARN_RANGE_LOOP_ANALYSIS = YES;
				CLANG_WARN_STRICT_PROTOTYPES = YES;
				CLANG_WARN_SUSPICIOUS_MOVE = YES;
				CLANG_WARN_UNGUARDED_AVAILABILITY = YES_AGGRESSIVE;
				CLANG_WARN_UNREACHABLE_CODE = YES;
				CLANG_WARN__DUPLICATE_METHOD_MATCH = YES;
				COPY_PHASE_STRIP = NO;
				DEBUG_INFORMATION_FORMAT = "dwarf-with-dsym";
				ENABLE_NS_ASSERTIONS = NO;
				ENABLE_STRICT_OBJC_MSGSEND = YES;
				GCC_C_LANGUAGE_STANDARD = gnu11;
				GCC_NO_COMMON_BLOCKS = YES;
				GCC_WARN_64_TO_32_BIT_CONVERSION = YES;
				GCC_WARN_ABOUT_RETURN_TYPE = YES_ERROR;
				GCC_WARN_UNDECLARED_SELECTOR = YES;
				GCC_WARN_UNINITIALIZED_AUTOS = YES_AGGRESSIVE;
				GCC_WARN_UNUSED_FUNCTION = YES;
				GCC_WARN_UNUSED_VARIABLE = YES;
				IPHONEOS_DEPLOYMENT_TARGET = 16.2;
				MTL_ENABLE_DEBUG_INFO = NO;
				MTL_FAST_MATH = YES;
				SDKROOT = iphoneos;
				SWIFT_COMPILATION_MODE = wholemodule;
				SWIFT_OPTIMIZATION_LEVEL = "-O";
				VALIDATE_PRODUCT = YES;
			};
			name = Release;
		};
		AF1ABCE2299C14F90023172C /* Debug */ = {
			isa = XCBuildConfiguration;
			baseConfigurationReference = C47509EC5F92E00F541C9020 /* Pods-Sports.debug.xcconfig */;
			buildSettings = {
				ASSETCATALOG_COMPILER_APPICON_NAME = AppIcon;
				ASSETCATALOG_COMPILER_GLOBAL_ACCENT_COLOR_NAME = AccentColor;
				CODE_SIGN_STYLE = Automatic;
				CURRENT_PROJECT_VERSION = 1;
				GENERATE_INFOPLIST_FILE = YES;
				INFOPLIST_FILE = Sports/Info.plist;
				INFOPLIST_KEY_CFBundleDisplayName = Sporty;
				INFOPLIST_KEY_UIApplicationSupportsIndirectInputEvents = YES;
				INFOPLIST_KEY_UILaunchStoryboardName = LaunchScreen;
				INFOPLIST_KEY_UIMainStoryboardFile = Main;
				INFOPLIST_KEY_UISupportedInterfaceOrientations_iPad = "UIInterfaceOrientationPortrait UIInterfaceOrientationPortraitUpsideDown UIInterfaceOrientationLandscapeLeft UIInterfaceOrientationLandscapeRight";
				INFOPLIST_KEY_UISupportedInterfaceOrientations_iPhone = "UIInterfaceOrientationPortrait UIInterfaceOrientationLandscapeLeft UIInterfaceOrientationLandscapeRight";
				LD_RUNPATH_SEARCH_PATHS = (
					"$(inherited)",
					"@executable_path/Frameworks",
				);
				MARKETING_VERSION = 1.0;
				PRODUCT_BUNDLE_IDENTIFIER = iti.Sports;
				PRODUCT_NAME = "$(TARGET_NAME)";
				SWIFT_EMIT_LOC_STRINGS = YES;
				SWIFT_VERSION = 5.0;
				TARGETED_DEVICE_FAMILY = "1,2";
			};
			name = Debug;
		};
		AF1ABCE3299C14F90023172C /* Release */ = {
			isa = XCBuildConfiguration;
			baseConfigurationReference = C3013598C84A66A306D907E1 /* Pods-Sports.release.xcconfig */;
			buildSettings = {
				ASSETCATALOG_COMPILER_APPICON_NAME = AppIcon;
				ASSETCATALOG_COMPILER_GLOBAL_ACCENT_COLOR_NAME = AccentColor;
				CODE_SIGN_STYLE = Automatic;
				CURRENT_PROJECT_VERSION = 1;
				GENERATE_INFOPLIST_FILE = YES;
				INFOPLIST_FILE = Sports/Info.plist;
				INFOPLIST_KEY_CFBundleDisplayName = Sporty;
				INFOPLIST_KEY_UIApplicationSupportsIndirectInputEvents = YES;
				INFOPLIST_KEY_UILaunchStoryboardName = LaunchScreen;
				INFOPLIST_KEY_UIMainStoryboardFile = Main;
				INFOPLIST_KEY_UISupportedInterfaceOrientations_iPad = "UIInterfaceOrientationPortrait UIInterfaceOrientationPortraitUpsideDown UIInterfaceOrientationLandscapeLeft UIInterfaceOrientationLandscapeRight";
				INFOPLIST_KEY_UISupportedInterfaceOrientations_iPhone = "UIInterfaceOrientationPortrait UIInterfaceOrientationLandscapeLeft UIInterfaceOrientationLandscapeRight";
				LD_RUNPATH_SEARCH_PATHS = (
					"$(inherited)",
					"@executable_path/Frameworks",
				);
				MARKETING_VERSION = 1.0;
				PRODUCT_BUNDLE_IDENTIFIER = iti.Sports;
				PRODUCT_NAME = "$(TARGET_NAME)";
				SWIFT_EMIT_LOC_STRINGS = YES;
				SWIFT_VERSION = 5.0;
				TARGETED_DEVICE_FAMILY = "1,2";
			};
			name = Release;
		};
/* End XCBuildConfiguration section */

/* Begin XCConfigurationList section */
		AF1ABCC5299C14F60023172C /* Build configuration list for PBXProject "Sports" */ = {
			isa = XCConfigurationList;
			buildConfigurations = (
				AF1ABCDF299C14F90023172C /* Debug */,
				AF1ABCE0299C14F90023172C /* Release */,
			);
			defaultConfigurationIsVisible = 0;
			defaultConfigurationName = Release;
		};
		AF1ABCE1299C14F90023172C /* Build configuration list for PBXNativeTarget "Sports" */ = {
			isa = XCConfigurationList;
			buildConfigurations = (
				AF1ABCE2299C14F90023172C /* Debug */,
				AF1ABCE3299C14F90023172C /* Release */,
			);
			defaultConfigurationIsVisible = 0;
			defaultConfigurationName = Release;
		};
/* End XCConfigurationList section */

/* Begin XCVersionGroup section */
		AF1ABCD6299C14F60023172C /* Sports.xcdatamodeld */ = {
			isa = XCVersionGroup;
			children = (
				AF1ABCD7299C14F60023172C /* Sports.xcdatamodel */,
			);
			currentVersion = AF1ABCD7299C14F60023172C /* Sports.xcdatamodel */;
			path = Sports.xcdatamodeld;
			sourceTree = "<group>";
			versionGroupType = wrapper.xcdatamodel;
		};
/* End XCVersionGroup section */
	};
	rootObject = AF1ABCC2299C14F60023172C /* Project object */;
}
